
Microsoft Visual Studio Solution File, Format Version 12.00
# Visual Studio 14
VisualStudioVersion = 14.0.25420.1
MinimumVisualStudioVersion = 10.0.40219.1
Project("{FAE04EC0-301F-11D3-BF4B-00C04F79EFBC}") = "Sameer_Practice", "Sameer_Practice\Sameer_Practice.csproj", "{17B56625-5B4C-49EE-A90B-178138871C57}"
EndProject
Project("{FAE04EC0-301F-11D3-BF4B-00C04F79EFBC}") = "Program 2", "Program 2\Program 2.csproj", "{859A4256-5B18-4415-9D1C-1129E80849AC}"
EndProject
Project("{FAE04EC0-301F-11D3-BF4B-00C04F79EFBC}") = "Program 3", "Program 3\Program 3.csproj", "{2867DE3D-61F1-4979-A6B6-0058FE6F7BD4}"
EndProject
Project("{FAE04EC0-301F-11D3-BF4B-00C04F79EFBC}") = "Program 4 -Thread", "Program 4 -Thread\Program 4 -Thread.csproj", "{837F33B8-836E-4BB6-9EFC-114340F2A011}"
EndProject
Project("{FAE04EC0-301F-11D3-BF4B-00C04F79EFBC}") = "Program 5", "Program 5\Program 5.csproj", "{9321C3C1-C26E-46D0-85A0-513C7275C688}"
EndProject
Project("{FAE04EC0-301F-11D3-BF4B-00C04F79EFBC}") = "Program 6", "Project 6\Program 6.csproj", "{8FE47B42-4BBE-46C3-B734-20D2A00A00BE}"
EndProject
Project("{FAE04EC0-301F-11D3-BF4B-00C04F79EFBC}") = "Program 7", "Program 7\Program 7.csproj", "{608692D9-B93F-4C94-A637-48A3C1448C03}"
EndProject
Project("{FAE04EC0-301F-11D3-BF4B-00C04F79EFBC}") = "Program 8", "Program 8\Program 8.csproj", "{15FA2A6F-2408-4144-8DD8-E04A3811F245}"
EndProject
Project("{FAE04EC0-301F-11D3-BF4B-00C04F79EFBC}") = "Program 9", "Program 9\Program 9.csproj", "{C87FDBD7-2A2D-4987-9BBB-09B5CC20E955}"
EndProject
Project("{FAE04EC0-301F-11D3-BF4B-00C04F79EFBC}") = "Program 10", "Program 10\Program 10.csproj", "{15680BC3-22FE-462E-B2E3-1AD1FB5A33B9}"
EndProject
Project("{FAE04EC0-301F-11D3-BF4B-00C04F79EFBC}") = "Program11", "Program11\Program11.csproj", "{A27012CE-73C6-459B-8E2D-14CC073E4644}"
EndProject
Project("{FAE04EC0-301F-11D3-BF4B-00C04F79EFBC}") = "Program12", "Program12\Program12.csproj", "{76659C43-2AC0-4343-BF34-7B92F089588A}"
EndProject
Project("{FAE04EC0-301F-11D3-BF4B-00C04F79EFBC}") = "Program13", "Program13\Program13.csproj", "{8CDB6581-7D51-416B-BC0D-8D78A8464594}"
EndProject
Project("{FAE04EC0-301F-11D3-BF4B-00C04F79EFBC}") = "Program14", "Program14\Program14.csproj", "{DCEFA205-7829-4751-8ACF-3C4D88433079}"
EndProject
Project("{FAE04EC0-301F-11D3-BF4B-00C04F79EFBC}") = "Program15", "Program15\Program15.csproj", "{1BEFFB52-0170-4138-B6BD-019A7D258A14}"
EndProject
Project("{FAE04EC0-301F-11D3-BF4B-00C04F79EFBC}") = "Program16", "Program16\Program16.csproj", "{BEC5DB9A-DF17-4A2B-9870-C677F032263F}"
EndProject
Project("{FAE04EC0-301F-11D3-BF4B-00C04F79EFBC}") = "Program17", "Program17\Program17.csproj", "{E0213311-3F8F-49F9-85A1-3549A854E68D}"
EndProject
Project("{FAE04EC0-301F-11D3-BF4B-00C04F79EFBC}") = "Program18", "Program18\Program18.csproj", "{29AC2EBC-F5B9-4431-A655-693B53B3152F}"
EndProject
Project("{FAE04EC0-301F-11D3-BF4B-00C04F79EFBC}") = "Program19", "Program19\Program19.csproj", "{A15B1186-1440-44D8-9744-928D3CEF195C}"
EndProject
Project("{FAE04EC0-301F-11D3-BF4B-00C04F79EFBC}") = "Program20", "Program20\Program20.csproj", "{0134489B-DD19-46B3-8134-7D7E003DF997}"
EndProject
Project("{FAE04EC0-301F-11D3-BF4B-00C04F79EFBC}") = "Program21", "Project21\Program21.csproj", "{DD32A60E-107D-4E1C-B5BA-7B0D9025984F}"
EndProject
Project("{FAE04EC0-301F-11D3-BF4B-00C04F79EFBC}") = "Program22", "Program22\Program22.csproj", "{7AE12077-0A23-4C75-B367-63CD36363A80}"
EndProject
Project("{FAE04EC0-301F-11D3-BF4B-00C04F79EFBC}") = "Program23", "Program23\Program23.csproj", "{FB5EB8C3-9E70-400A-899F-9D027691F953}"
EndProject
Project("{FAE04EC0-301F-11D3-BF4B-00C04F79EFBC}") = "Program24", "Program24\Program24.csproj", "{E2963EFE-169E-46F4-B7BC-684C424EEC5F}"
EndProject
Project("{FAE04EC0-301F-11D3-BF4B-00C04F79EFBC}") = "Program25", "Program25\Program25.csproj", "{FE81AD7F-BD2C-4D17-9582-D64D09215AD7}"
EndProject
Project("{FAE04EC0-301F-11D3-BF4B-00C04F79EFBC}") = "Program26", "Program26\Program26.csproj", "{11A1D5FD-23DA-4241-B31A-4CEA5AD5CCA8}"
EndProject
Project("{FAE04EC0-301F-11D3-BF4B-00C04F79EFBC}") = "Program27", "Program27\Program27.csproj", "{9B2C97D9-E84A-4A16-8B45-5737B83489E5}"
EndProject
Project("{FAE04EC0-301F-11D3-BF4B-00C04F79EFBC}") = "Program28", "Program28\Program28.csproj", "{7E634BD6-CA50-426D-9EE7-2E49E6EC0517}"
EndProject
Project("{FAE04EC0-301F-11D3-BF4B-00C04F79EFBC}") = "Program29", "Program29\Program29.csproj", "{73D95485-75C5-4D56-94B1-933B398064E3}"
EndProject
Project("{FAE04EC0-301F-11D3-BF4B-00C04F79EFBC}") = "Program30", "Program30\Program30.csproj", "{75A888FA-8ABD-4024-AD2C-E073D141E1DE}"
EndProject
Project("{FAE04EC0-301F-11D3-BF4B-00C04F79EFBC}") = "Program31", "Program31\Program31.csproj", "{74BD9124-BC05-4FE0-B6F1-3F71B9B77DF4}"
EndProject
Global
	GlobalSection(SolutionConfigurationPlatforms) = preSolution
		Debug|Any CPU = Debug|Any CPU
		Release|Any CPU = Release|Any CPU
	EndGlobalSection
	GlobalSection(ProjectConfigurationPlatforms) = postSolution
		{17B56625-5B4C-49EE-A90B-178138871C57}.Debug|Any CPU.ActiveCfg = Debug|Any CPU
		{17B56625-5B4C-49EE-A90B-178138871C57}.Debug|Any CPU.Build.0 = Debug|Any CPU
		{17B56625-5B4C-49EE-A90B-178138871C57}.Release|Any CPU.ActiveCfg = Release|Any CPU
		{17B56625-5B4C-49EE-A90B-178138871C57}.Release|Any CPU.Build.0 = Release|Any CPU
		{859A4256-5B18-4415-9D1C-1129E80849AC}.Debug|Any CPU.ActiveCfg = Debug|Any CPU
		{859A4256-5B18-4415-9D1C-1129E80849AC}.Debug|Any CPU.Build.0 = Debug|Any CPU
		{859A4256-5B18-4415-9D1C-1129E80849AC}.Release|Any CPU.ActiveCfg = Release|Any CPU
		{859A4256-5B18-4415-9D1C-1129E80849AC}.Release|Any CPU.Build.0 = Release|Any CPU
		{2867DE3D-61F1-4979-A6B6-0058FE6F7BD4}.Debug|Any CPU.ActiveCfg = Debug|Any CPU
		{2867DE3D-61F1-4979-A6B6-0058FE6F7BD4}.Debug|Any CPU.Build.0 = Debug|Any CPU
		{2867DE3D-61F1-4979-A6B6-0058FE6F7BD4}.Release|Any CPU.ActiveCfg = Release|Any CPU
		{2867DE3D-61F1-4979-A6B6-0058FE6F7BD4}.Release|Any CPU.Build.0 = Release|Any CPU
		{837F33B8-836E-4BB6-9EFC-114340F2A011}.Debug|Any CPU.ActiveCfg = Debug|Any CPU
		{837F33B8-836E-4BB6-9EFC-114340F2A011}.Debug|Any CPU.Build.0 = Debug|Any CPU
		{837F33B8-836E-4BB6-9EFC-114340F2A011}.Release|Any CPU.ActiveCfg = Release|Any CPU
		{837F33B8-836E-4BB6-9EFC-114340F2A011}.Release|Any CPU.Build.0 = Release|Any CPU
		{9321C3C1-C26E-46D0-85A0-513C7275C688}.Debug|Any CPU.ActiveCfg = Debug|Any CPU
		{9321C3C1-C26E-46D0-85A0-513C7275C688}.Debug|Any CPU.Build.0 = Debug|Any CPU
		{9321C3C1-C26E-46D0-85A0-513C7275C688}.Release|Any CPU.ActiveCfg = Release|Any CPU
		{9321C3C1-C26E-46D0-85A0-513C7275C688}.Release|Any CPU.Build.0 = Release|Any CPU
		{8FE47B42-4BBE-46C3-B734-20D2A00A00BE}.Debug|Any CPU.ActiveCfg = Debug|Any CPU
		{8FE47B42-4BBE-46C3-B734-20D2A00A00BE}.Debug|Any CPU.Build.0 = Debug|Any CPU
		{8FE47B42-4BBE-46C3-B734-20D2A00A00BE}.Release|Any CPU.ActiveCfg = Release|Any CPU
		{8FE47B42-4BBE-46C3-B734-20D2A00A00BE}.Release|Any CPU.Build.0 = Release|Any CPU
		{608692D9-B93F-4C94-A637-48A3C1448C03}.Debug|Any CPU.ActiveCfg = Debug|Any CPU
		{608692D9-B93F-4C94-A637-48A3C1448C03}.Debug|Any CPU.Build.0 = Debug|Any CPU
		{608692D9-B93F-4C94-A637-48A3C1448C03}.Release|Any CPU.ActiveCfg = Release|Any CPU
		{608692D9-B93F-4C94-A637-48A3C1448C03}.Release|Any CPU.Build.0 = Release|Any CPU
		{15FA2A6F-2408-4144-8DD8-E04A3811F245}.Debug|Any CPU.ActiveCfg = Debug|Any CPU
		{15FA2A6F-2408-4144-8DD8-E04A3811F245}.Debug|Any CPU.Build.0 = Debug|Any CPU
		{15FA2A6F-2408-4144-8DD8-E04A3811F245}.Release|Any CPU.ActiveCfg = Release|Any CPU
		{15FA2A6F-2408-4144-8DD8-E04A3811F245}.Release|Any CPU.Build.0 = Release|Any CPU
		{C87FDBD7-2A2D-4987-9BBB-09B5CC20E955}.Debug|Any CPU.ActiveCfg = Debug|Any CPU
		{C87FDBD7-2A2D-4987-9BBB-09B5CC20E955}.Debug|Any CPU.Build.0 = Debug|Any CPU
		{C87FDBD7-2A2D-4987-9BBB-09B5CC20E955}.Release|Any CPU.ActiveCfg = Release|Any CPU
		{C87FDBD7-2A2D-4987-9BBB-09B5CC20E955}.Release|Any CPU.Build.0 = Release|Any CPU
		{15680BC3-22FE-462E-B2E3-1AD1FB5A33B9}.Debug|Any CPU.ActiveCfg = Debug|Any CPU
		{15680BC3-22FE-462E-B2E3-1AD1FB5A33B9}.Debug|Any CPU.Build.0 = Debug|Any CPU
		{15680BC3-22FE-462E-B2E3-1AD1FB5A33B9}.Release|Any CPU.ActiveCfg = Release|Any CPU
		{15680BC3-22FE-462E-B2E3-1AD1FB5A33B9}.Release|Any CPU.Build.0 = Release|Any CPU
		{A27012CE-73C6-459B-8E2D-14CC073E4644}.Debug|Any CPU.ActiveCfg = Debug|Any CPU
		{A27012CE-73C6-459B-8E2D-14CC073E4644}.Debug|Any CPU.Build.0 = Debug|Any CPU
		{A27012CE-73C6-459B-8E2D-14CC073E4644}.Release|Any CPU.ActiveCfg = Release|Any CPU
		{A27012CE-73C6-459B-8E2D-14CC073E4644}.Release|Any CPU.Build.0 = Release|Any CPU
		{76659C43-2AC0-4343-BF34-7B92F089588A}.Debug|Any CPU.ActiveCfg = Debug|Any CPU
		{76659C43-2AC0-4343-BF34-7B92F089588A}.Debug|Any CPU.Build.0 = Debug|Any CPU
		{76659C43-2AC0-4343-BF34-7B92F089588A}.Release|Any CPU.ActiveCfg = Release|Any CPU
		{76659C43-2AC0-4343-BF34-7B92F089588A}.Release|Any CPU.Build.0 = Release|Any CPU
		{8CDB6581-7D51-416B-BC0D-8D78A8464594}.Debug|Any CPU.ActiveCfg = Debug|Any CPU
		{8CDB6581-7D51-416B-BC0D-8D78A8464594}.Debug|Any CPU.Build.0 = Debug|Any CPU
		{8CDB6581-7D51-416B-BC0D-8D78A8464594}.Release|Any CPU.ActiveCfg = Release|Any CPU
		{8CDB6581-7D51-416B-BC0D-8D78A8464594}.Release|Any CPU.Build.0 = Release|Any CPU
		{DCEFA205-7829-4751-8ACF-3C4D88433079}.Debug|Any CPU.ActiveCfg = Debug|Any CPU
		{DCEFA205-7829-4751-8ACF-3C4D88433079}.Debug|Any CPU.Build.0 = Debug|Any CPU
		{DCEFA205-7829-4751-8ACF-3C4D88433079}.Release|Any CPU.ActiveCfg = Release|Any CPU
		{DCEFA205-7829-4751-8ACF-3C4D88433079}.Release|Any CPU.Build.0 = Release|Any CPU
		{1BEFFB52-0170-4138-B6BD-019A7D258A14}.Debug|Any CPU.ActiveCfg = Debug|Any CPU
		{1BEFFB52-0170-4138-B6BD-019A7D258A14}.Debug|Any CPU.Build.0 = Debug|Any CPU
		{1BEFFB52-0170-4138-B6BD-019A7D258A14}.Release|Any CPU.ActiveCfg = Release|Any CPU
		{1BEFFB52-0170-4138-B6BD-019A7D258A14}.Release|Any CPU.Build.0 = Release|Any CPU
		{BEC5DB9A-DF17-4A2B-9870-C677F032263F}.Debug|Any CPU.ActiveCfg = Debug|Any CPU
		{BEC5DB9A-DF17-4A2B-9870-C677F032263F}.Debug|Any CPU.Build.0 = Debug|Any CPU
		{BEC5DB9A-DF17-4A2B-9870-C677F032263F}.Release|Any CPU.ActiveCfg = Release|Any CPU
		{BEC5DB9A-DF17-4A2B-9870-C677F032263F}.Release|Any CPU.Build.0 = Release|Any CPU
		{E0213311-3F8F-49F9-85A1-3549A854E68D}.Debug|Any CPU.ActiveCfg = Debug|Any CPU
		{E0213311-3F8F-49F9-85A1-3549A854E68D}.Debug|Any CPU.Build.0 = Debug|Any CPU
		{E0213311-3F8F-49F9-85A1-3549A854E68D}.Release|Any CPU.ActiveCfg = Release|Any CPU
		{E0213311-3F8F-49F9-85A1-3549A854E68D}.Release|Any CPU.Build.0 = Release|Any CPU
		{29AC2EBC-F5B9-4431-A655-693B53B3152F}.Debug|Any CPU.ActiveCfg = Debug|Any CPU
		{29AC2EBC-F5B9-4431-A655-693B53B3152F}.Debug|Any CPU.Build.0 = Debug|Any CPU
		{29AC2EBC-F5B9-4431-A655-693B53B3152F}.Release|Any CPU.ActiveCfg = Release|Any CPU
		{29AC2EBC-F5B9-4431-A655-693B53B3152F}.Release|Any CPU.Build.0 = Release|Any CPU
		{A15B1186-1440-44D8-9744-928D3CEF195C}.Debug|Any CPU.ActiveCfg = Debug|Any CPU
		{A15B1186-1440-44D8-9744-928D3CEF195C}.Debug|Any CPU.Build.0 = Debug|Any CPU
		{A15B1186-1440-44D8-9744-928D3CEF195C}.Release|Any CPU.ActiveCfg = Release|Any CPU
		{A15B1186-1440-44D8-9744-928D3CEF195C}.Release|Any CPU.Build.0 = Release|Any CPU
		{0134489B-DD19-46B3-8134-7D7E003DF997}.Debug|Any CPU.ActiveCfg = Debug|Any CPU
		{0134489B-DD19-46B3-8134-7D7E003DF997}.Debug|Any CPU.Build.0 = Debug|Any CPU
		{0134489B-DD19-46B3-8134-7D7E003DF997}.Release|Any CPU.ActiveCfg = Release|Any CPU
		{0134489B-DD19-46B3-8134-7D7E003DF997}.Release|Any CPU.Build.0 = Release|Any CPU
		{DD32A60E-107D-4E1C-B5BA-7B0D9025984F}.Debug|Any CPU.ActiveCfg = Debug|Any CPU
		{DD32A60E-107D-4E1C-B5BA-7B0D9025984F}.Debug|Any CPU.Build.0 = Debug|Any CPU
		{DD32A60E-107D-4E1C-B5BA-7B0D9025984F}.Release|Any CPU.ActiveCfg = Release|Any CPU
		{DD32A60E-107D-4E1C-B5BA-7B0D9025984F}.Release|Any CPU.Build.0 = Release|Any CPU
		{7AE12077-0A23-4C75-B367-63CD36363A80}.Debug|Any CPU.ActiveCfg = Debug|Any CPU
		{7AE12077-0A23-4C75-B367-63CD36363A80}.Debug|Any CPU.Build.0 = Debug|Any CPU
		{7AE12077-0A23-4C75-B367-63CD36363A80}.Release|Any CPU.ActiveCfg = Release|Any CPU
		{7AE12077-0A23-4C75-B367-63CD36363A80}.Release|Any CPU.Build.0 = Release|Any CPU
		{FB5EB8C3-9E70-400A-899F-9D027691F953}.Debug|Any CPU.ActiveCfg = Debug|Any CPU
		{FB5EB8C3-9E70-400A-899F-9D027691F953}.Debug|Any CPU.Build.0 = Debug|Any CPU
		{FB5EB8C3-9E70-400A-899F-9D027691F953}.Release|Any CPU.ActiveCfg = Release|Any CPU
		{FB5EB8C3-9E70-400A-899F-9D027691F953}.Release|Any CPU.Build.0 = Release|Any CPU
		{E2963EFE-169E-46F4-B7BC-684C424EEC5F}.Debug|Any CPU.ActiveCfg = Debug|Any CPU
		{E2963EFE-169E-46F4-B7BC-684C424EEC5F}.Debug|Any CPU.Build.0 = Debug|Any CPU
		{E2963EFE-169E-46F4-B7BC-684C424EEC5F}.Release|Any CPU.ActiveCfg = Release|Any CPU
		{E2963EFE-169E-46F4-B7BC-684C424EEC5F}.Release|Any CPU.Build.0 = Release|Any CPU
		{FE81AD7F-BD2C-4D17-9582-D64D09215AD7}.Debug|Any CPU.ActiveCfg = Debug|Any CPU
		{FE81AD7F-BD2C-4D17-9582-D64D09215AD7}.Debug|Any CPU.Build.0 = Debug|Any CPU
		{FE81AD7F-BD2C-4D17-9582-D64D09215AD7}.Release|Any CPU.ActiveCfg = Release|Any CPU
		{FE81AD7F-BD2C-4D17-9582-D64D09215AD7}.Release|Any CPU.Build.0 = Release|Any CPU
		{11A1D5FD-23DA-4241-B31A-4CEA5AD5CCA8}.Debug|Any CPU.ActiveCfg = Debug|Any CPU
		{11A1D5FD-23DA-4241-B31A-4CEA5AD5CCA8}.Debug|Any CPU.Build.0 = Debug|Any CPU
		{11A1D5FD-23DA-4241-B31A-4CEA5AD5CCA8}.Release|Any CPU.ActiveCfg = Release|Any CPU
		{11A1D5FD-23DA-4241-B31A-4CEA5AD5CCA8}.Release|Any CPU.Build.0 = Release|Any CPU
		{9B2C97D9-E84A-4A16-8B45-5737B83489E5}.Debug|Any CPU.ActiveCfg = Debug|Any CPU
		{9B2C97D9-E84A-4A16-8B45-5737B83489E5}.Debug|Any CPU.Build.0 = Debug|Any CPU
		{9B2C97D9-E84A-4A16-8B45-5737B83489E5}.Release|Any CPU.ActiveCfg = Release|Any CPU
		{9B2C97D9-E84A-4A16-8B45-5737B83489E5}.Release|Any CPU.Build.0 = Release|Any CPU
		{7E634BD6-CA50-426D-9EE7-2E49E6EC0517}.Debug|Any CPU.ActiveCfg = Debug|Any CPU
		{7E634BD6-CA50-426D-9EE7-2E49E6EC0517}.Debug|Any CPU.Build.0 = Debug|Any CPU
		{7E634BD6-CA50-426D-9EE7-2E49E6EC0517}.Release|Any CPU.ActiveCfg = Release|Any CPU
		{7E634BD6-CA50-426D-9EE7-2E49E6EC0517}.Release|Any CPU.Build.0 = Release|Any CPU
		{73D95485-75C5-4D56-94B1-933B398064E3}.Debug|Any CPU.ActiveCfg = Debug|Any CPU
		{73D95485-75C5-4D56-94B1-933B398064E3}.Debug|Any CPU.Build.0 = Debug|Any CPU
		{73D95485-75C5-4D56-94B1-933B398064E3}.Release|Any CPU.ActiveCfg = Release|Any CPU
		{73D95485-75C5-4D56-94B1-933B398064E3}.Release|Any CPU.Build.0 = Release|Any CPU
		{75A888FA-8ABD-4024-AD2C-E073D141E1DE}.Debug|Any CPU.ActiveCfg = Debug|Any CPU
		{75A888FA-8ABD-4024-AD2C-E073D141E1DE}.Debug|Any CPU.Build.0 = Debug|Any CPU
		{75A888FA-8ABD-4024-AD2C-E073D141E1DE}.Release|Any CPU.ActiveCfg = Release|Any CPU
		{75A888FA-8ABD-4024-AD2C-E073D141E1DE}.Release|Any CPU.Build.0 = Release|Any CPU
		{74BD9124-BC05-4FE0-B6F1-3F71B9B77DF4}.Debug|Any CPU.ActiveCfg = Debug|Any CPU
		{74BD9124-BC05-4FE0-B6F1-3F71B9B77DF4}.Debug|Any CPU.Build.0 = Debug|Any CPU
		{74BD9124-BC05-4FE0-B6F1-3F71B9B77DF4}.Release|Any CPU.ActiveCfg = Release|Any CPU
		{74BD9124-BC05-4FE0-B6F1-3F71B9B77DF4}.Release|Any CPU.Build.0 = Release|Any CPU
	EndGlobalSection
	GlobalSection(SolutionProperties) = preSolution
		HideSolutionNode = FALSE
	EndGlobalSection
EndGlobal
